// !$*UTF8*$!
{
	archiveVersion = 1;
	classes = {
	};
	objectVersion = 50;
	objects = {

/* Begin PBXBuildFile section */
		CEB4C3C823B65AD9004E54EB /* FullScoreViewController.swift in Sources */ = {isa = PBXBuildFile; fileRef = CEB4C3C723B65AD9004E54EB /* FullScoreViewController.swift */; };
		CEB4C3CA23BBB261004E54EB /* myWords.txt in Resources */ = {isa = PBXBuildFile; fileRef = CEB4C3C923BBB261004E54EB /* myWords.txt */; };
		CEB4C3CC23BBB53A004E54EB /* AppDelegate.swift in Sources */ = {isa = PBXBuildFile; fileRef = CEB4C3CB23BBB539004E54EB /* AppDelegate.swift */; };
		CEFDFE8F23AE0E37006FDC35 /* SceneDelegate.swift in Sources */ = {isa = PBXBuildFile; fileRef = CEFDFE8E23AE0E37006FDC35 /* SceneDelegate.swift */; };
		CEFDFE9123AE0E37006FDC35 /* ViewController.swift in Sources */ = {isa = PBXBuildFile; fileRef = CEFDFE9023AE0E37006FDC35 /* ViewController.swift */; };
		CEFDFE9423AE0E37006FDC35 /* Main.storyboard in Resources */ = {isa = PBXBuildFile; fileRef = CEFDFE9223AE0E37006FDC35 /* Main.storyboard */; };
		CEFDFE9623AE0E3B006FDC35 /* Assets.xcassets in Resources */ = {isa = PBXBuildFile; fileRef = CEFDFE9523AE0E3B006FDC35 /* Assets.xcassets */; };
		CEFDFE9923AE0E3B006FDC35 /* LaunchScreen.storyboard in Resources */ = {isa = PBXBuildFile; fileRef = CEFDFE9723AE0E3B006FDC35 /* LaunchScreen.storyboard */; };
		CEFDFEA623AE7E77006FDC35 /* RuleViewController.swift in Sources */ = {isa = PBXBuildFile; fileRef = CEFDFEA523AE7E77006FDC35 /* RuleViewController.swift */; };
		CEFDFEA823AEC544006FDC35 /* GameViewController.swift in Sources */ = {isa = PBXBuildFile; fileRef = CEFDFEA723AEC544006FDC35 /* GameViewController.swift */; };
		CEFDFEB123B16311006FDC35 /* ScoreViewController.swift in Sources */ = {isa = PBXBuildFile; fileRef = CEFDFEB023B16311006FDC35 /* ScoreViewController.swift */; };
		CEFDFEBD23B37C80006FDC35 /* ScoreGame.swift in Sources */ = {isa = PBXBuildFile; fileRef = CEFDFEBC23B37C80006FDC35 /* ScoreGame.swift */; };
/* End PBXBuildFile section */

/* Begin PBXFileReference section */
		CEB4C3C723B65AD9004E54EB /* FullScoreViewController.swift */ = {isa = PBXFileReference; lastKnownFileType = sourcecode.swift; path = FullScoreViewController.swift; sourceTree = "<group>"; };
		CEB4C3C923BBB261004E54EB /* myWords.txt */ = {isa = PBXFileReference; fileEncoding = 4; lastKnownFileType = text; path = myWords.txt; sourceTree = "<group>"; };
		CEB4C3CB23BBB539004E54EB /* AppDelegate.swift */ = {isa = PBXFileReference; fileEncoding = 4; lastKnownFileType = sourcecode.swift; path = AppDelegate.swift; sourceTree = "<group>"; };
		CEFDFE8923AE0E37006FDC35 /* HatApp.app */ = {isa = PBXFileReference; explicitFileType = wrapper.application; includeInIndex = 0; path = HatApp.app; sourceTree = BUILT_PRODUCTS_DIR; };
		CEFDFE8E23AE0E37006FDC35 /* SceneDelegate.swift */ = {isa = PBXFileReference; lastKnownFileType = sourcecode.swift; path = SceneDelegate.swift; sourceTree = "<group>"; };
		CEFDFE9023AE0E37006FDC35 /* ViewController.swift */ = {isa = PBXFileReference; lastKnownFileType = sourcecode.swift; path = ViewController.swift; sourceTree = "<group>"; };
		CEFDFE9323AE0E37006FDC35 /* Base */ = {isa = PBXFileReference; lastKnownFileType = file.storyboard; name = Base; path = Base.lproj/Main.storyboard; sourceTree = "<group>"; };
		CEFDFE9523AE0E3B006FDC35 /* Assets.xcassets */ = {isa = PBXFileReference; lastKnownFileType = folder.assetcatalog; path = Assets.xcassets; sourceTree = "<group>"; };
		CEFDFE9823AE0E3B006FDC35 /* Base */ = {isa = PBXFileReference; lastKnownFileType = file.storyboard; name = Base; path = Base.lproj/LaunchScreen.storyboard; sourceTree = "<group>"; };
		CEFDFE9A23AE0E3B006FDC35 /* Info.plist */ = {isa = PBXFileReference; lastKnownFileType = text.plist.xml; path = Info.plist; sourceTree = "<group>"; };
		CEFDFEA523AE7E77006FDC35 /* RuleViewController.swift */ = {isa = PBXFileReference; lastKnownFileType = sourcecode.swift; path = RuleViewController.swift; sourceTree = "<group>"; };
		CEFDFEA723AEC544006FDC35 /* GameViewController.swift */ = {isa = PBXFileReference; lastKnownFileType = sourcecode.swift; path = GameViewController.swift; sourceTree = "<group>"; };
		CEFDFEB023B16311006FDC35 /* ScoreViewController.swift */ = {isa = PBXFileReference; lastKnownFileType = sourcecode.swift; path = ScoreViewController.swift; sourceTree = "<group>"; };
		CEFDFEBC23B37C80006FDC35 /* ScoreGame.swift */ = {isa = PBXFileReference; lastKnownFileType = sourcecode.swift; path = ScoreGame.swift; sourceTree = "<group>"; };
/* End PBXFileReference section */

/* Begin PBXFrameworksBuildPhase section */
		CEFDFE8623AE0E37006FDC35 /* Frameworks */ = {
			isa = PBXFrameworksBuildPhase;
			buildActionMask = 2147483647;
			files = (
			);
			runOnlyForDeploymentPostprocessing = 0;
		};
/* End PBXFrameworksBuildPhase section */

/* Begin PBXGroup section */
		CEFDFE8023AE0E36006FDC35 = {
			isa = PBXGroup;
			children = (
				CEFDFE8B23AE0E37006FDC35 /* HatApp */,
				CEFDFE8A23AE0E37006FDC35 /* Products */,
			);
			sourceTree = "<group>";
		};
		CEFDFE8A23AE0E37006FDC35 /* Products */ = {
			isa = PBXGroup;
			children = (
				CEFDFE8923AE0E37006FDC35 /* HatApp.app */,
			);
			name = Products;
			sourceTree = "<group>";
		};
		CEFDFE8B23AE0E37006FDC35 /* HatApp */ = {
			isa = PBXGroup;
			children = (
				CEFDFE8E23AE0E37006FDC35 /* SceneDelegate.swift */,
				CEB4C3CB23BBB539004E54EB /* AppDelegate.swift */,
				CEFDFE9023AE0E37006FDC35 /* ViewController.swift */,
				CEFDFEA523AE7E77006FDC35 /* RuleViewController.swift */,
				CEFDFEA723AEC544006FDC35 /* GameViewController.swift */,
				CEFDFEB023B16311006FDC35 /* ScoreViewController.swift */,
				CEB4C3C723B65AD9004E54EB /* FullScoreViewController.swift */,
				CEFDFEBC23B37C80006FDC35 /* ScoreGame.swift */,
				CEFDFE9223AE0E37006FDC35 /* Main.storyboard */,
				CEFDFE9523AE0E3B006FDC35 /* Assets.xcassets */,
				CEFDFE9723AE0E3B006FDC35 /* LaunchScreen.storyboard */,
				CEFDFE9A23AE0E3B006FDC35 /* Info.plist */,
				CEB4C3C923BBB261004E54EB /* myWords.txt */,
			);
			path = HatApp;
			sourceTree = "<group>";
		};
/* End PBXGroup section */

/* Begin PBXNativeTarget section */
		CEFDFE8823AE0E37006FDC35 /* HatApp */ = {
			isa = PBXNativeTarget;
			buildConfigurationList = CEFDFE9D23AE0E3B006FDC35 /* Build configuration list for PBXNativeTarget "HatApp" */;
			buildPhases = (
				CEFDFE8523AE0E37006FDC35 /* Sources */,
				CEFDFE8623AE0E37006FDC35 /* Frameworks */,
				CEFDFE8723AE0E37006FDC35 /* Resources */,
			);
			buildRules = (
			);
			dependencies = (
			);
			name = HatApp;
			productName = HatApp;
			productReference = CEFDFE8923AE0E37006FDC35 /* HatApp.app */;
			productType = "com.apple.product-type.application";
		};
/* End PBXNativeTarget section */

/* Begin PBXProject section */
		CEFDFE8123AE0E36006FDC35 /* Project object */ = {
			isa = PBXProject;
			attributes = {
				LastSwiftUpdateCheck = 1120;
				LastUpgradeCheck = 1120;
				ORGANIZATIONNAME = "Denis Makovets";
				TargetAttributes = {
					CEFDFE8823AE0E37006FDC35 = {
						CreatedOnToolsVersion = 11.2;
					};
				};
			};
			buildConfigurationList = CEFDFE8423AE0E36006FDC35 /* Build configuration list for PBXProject "HatApp" */;
			compatibilityVersion = "Xcode 9.3";
			developmentRegion = en;
			hasScannedForEncodings = 0;
			knownRegions = (
				en,
				Base,
			);
			mainGroup = CEFDFE8023AE0E36006FDC35;
			productRefGroup = CEFDFE8A23AE0E37006FDC35 /* Products */;
			projectDirPath = "";
			projectRoot = "";
			targets = (
				CEFDFE8823AE0E37006FDC35 /* HatApp */,
			);
		};
/* End PBXProject section */

/* Begin PBXResourcesBuildPhase section */
		CEFDFE8723AE0E37006FDC35 /* Resources */ = {
			isa = PBXResourcesBuildPhase;
			buildActionMask = 2147483647;
			files = (
				CEFDFE9923AE0E3B006FDC35 /* LaunchScreen.storyboard in Resources */,
				CEFDFE9623AE0E3B006FDC35 /* Assets.xcassets in Resources */,
				CEB4C3CA23BBB261004E54EB /* myWords.txt in Resources */,
				CEFDFE9423AE0E37006FDC35 /* Main.storyboard in Resources */,
			);
			runOnlyForDeploymentPostprocessing = 0;
		};
/* End PBXResourcesBuildPhase section */

/* Begin PBXSourcesBuildPhase section */
		CEFDFE8523AE0E37006FDC35 /* Sources */ = {
			isa = PBXSourcesBuildPhase;
			buildActionMask = 2147483647;
			files = (
				CEB4C3CC23BBB53A004E54EB /* AppDelegate.swift in Sources */,
				CEFDFE9123AE0E37006FDC35 /* ViewController.swift in Sources */,
				CEFDFEA623AE7E77006FDC35 /* RuleViewController.swift in Sources */,
				CEFDFEA823AEC544006FDC35 /* GameViewController.swift in Sources */,
				CEFDFE8F23AE0E37006FDC35 /* SceneDelegate.swift in Sources */,
				CEFDFEBD23B37C80006FDC35 /* ScoreGame.swift in Sources */,
				CEB4C3C823B65AD9004E54EB /* FullScoreViewController.swift in Sources */,
				CEFDFEB123B16311006FDC35 /* ScoreViewController.swift in Sources */,
			);
			runOnlyForDeploymentPostprocessing = 0;
		};
/* End PBXSourcesBuildPhase section */

/* Begin PBXVariantGroup section */
		CEFDFE9223AE0E37006FDC35 /* Main.storyboard */ = {
			isa = PBXVariantGroup;
			children = (
				CEFDFE9323AE0E37006FDC35 /* Base */,
			);
			name = Main.storyboard;
			sourceTree = "<group>";
		};
		CEFDFE9723AE0E3B006FDC35 /* LaunchScreen.storyboard */ = {
			isa = PBXVariantGroup;
			children = (
				CEFDFE9823AE0E3B006FDC35 /* Base */,
			);
			name = LaunchScreen.storyboard;
			sourceTree = "<group>";
		};
/* End PBXVariantGroup section */

/* Begin XCBuildConfiguration section */
		CEFDFE9B23AE0E3B006FDC35 /* Debug */ = {
			isa = XCBuildConfiguration;
			buildSettings = {
				ALWAYS_SEARCH_USER_PATHS = NO;
				CLANG_ANALYZER_NONNULL = YES;
				CLANG_ANALYZER_NUMBER_OBJECT_CONVERSION = YES_AGGRESSIVE;
				CLANG_CXX_LANGUAGE_STANDARD = "gnu++14";
				CLANG_CXX_LIBRARY = "libc++";
				CLANG_ENABLE_MODULES = YES;
				CLANG_ENABLE_OBJC_ARC = YES;
				CLANG_ENABLE_OBJC_WEAK = YES;
				CLANG_WARN_BLOCK_CAPTURE_AUTORELEASING = YES;
				CLANG_WARN_BOOL_CONVERSION = YES;
				CLANG_WARN_COMMA = YES;
				CLANG_WARN_CONSTANT_CONVERSION = YES;
				CLANG_WARN_DEPRECATED_OBJC_IMPLEMENTATIONS = YES;
				CLANG_WARN_DIRECT_OBJC_ISA_USAGE = YES_ERROR;
				CLANG_WARN_DOCUMENTATION_COMMENTS = YES;
				CLANG_WARN_EMPTY_BODY = YES;
				CLANG_WARN_ENUM_CONVERSION = YES;
				CLANG_WARN_INFINITE_RECURSION = YES;
				CLANG_WARN_INT_CONVERSION = YES;
				CLANG_WARN_NON_LITERAL_NULL_CONVERSION = YES;
				CLANG_WARN_OBJC_IMPLICIT_RETAIN_SELF = YES;
				CLANG_WARN_OBJC_LITERAL_CONVERSION = YES;
				CLANG_WARN_OBJC_ROOT_CLASS = YES_ERROR;
				CLANG_WARN_RANGE_LOOP_ANALYSIS = YES;
				CLANG_WARN_STRICT_PROTOTYPES = YES;
				CLANG_WARN_SUSPICIOUS_MOVE = YES;
				CLANG_WARN_UNGUARDED_AVAILABILITY = YES_AGGRESSIVE;
				CLANG_WARN_UNREACHABLE_CODE = YES;
				CLANG_WARN__DUPLICATE_METHOD_MATCH = YES;
				COPY_PHASE_STRIP = NO;
				DEBUG_INFORMATION_FORMAT = dwarf;
				ENABLE_STRICT_OBJC_MSGSEND = YES;
				ENABLE_TESTABILITY = YES;
				GCC_C_LANGUAGE_STANDARD = gnu11;
				GCC_DYNAMIC_NO_PIC = NO;
				GCC_NO_COMMON_BLOCKS = YES;
				GCC_OPTIMIZATION_LEVEL = 0;
				GCC_PREPROCESSOR_DEFINITIONS = (
					"DEBUG=1",
					"$(inherited)",
				);
				GCC_WARN_64_TO_32_BIT_CONVERSION = YES;
				GCC_WARN_ABOUT_RETURN_TYPE = YES_ERROR;
				GCC_WARN_UNDECLARED_SELECTOR = YES;
				GCC_WARN_UNINITIALIZED_AUTOS = YES_AGGRESSIVE;
				GCC_WARN_UNUSED_FUNCTION = YES;
				GCC_WARN_UNUSED_VARIABLE = YES;
				IPHONEOS_DEPLOYMENT_TARGET = 13.2;
				MTL_ENABLE_DEBUG_INFO = INCLUDE_SOURCE;
				MTL_FAST_MATH = YES;
				ONLY_ACTIVE_ARCH = YES;
				SDKROOT = iphoneos;
				SWIFT_ACTIVE_COMPILATION_CONDITIONS = DEBUG;
				SWIFT_OPTIMIZATION_LEVEL = "-Onone";
			};
			name = Debug;
		};
		CEFDFE9C23AE0E3B006FDC35 /* Release */ = {
			isa = XCBuildConfiguration;
			buildSettings = {
				ALWAYS_SEARCH_USER_PATHS = NO;
				CLANG_ANALYZER_NONNULL = YES;
				CLANG_ANALYZER_NUMBER_OBJECT_CONVERSION = YES_AGGRESSIVE;
				CLANG_CXX_LANGUAGE_STANDARD = "gnu++14";
				CLANG_CXX_LIBRARY = "libc++";
				CLANG_ENABLE_MODULES = YES;
				CLANG_ENABLE_OBJC_ARC = YES;
				CLANG_ENABLE_OBJC_WEAK = YES;
				CLANG_WARN_BLOCK_CAPTURE_AUTORELEASING = YES;
				CLANG_WARN_BOOL_CONVERSION = YES;
				CLANG_WARN_COMMA = YES;
				CLANG_WARN_CONSTANT_CONVERSION = YES;
				CLANG_WARN_DEPRECATED_OBJC_IMPLEMENTATIONS = YES;
				CLANG_WARN_DIRECT_OBJC_ISA_USAGE = YES_ERROR;
				CLANG_WARN_DOCUMENTATION_COMMENTS = YES;
				CLANG_WARN_EMPTY_BODY = YES;
				CLANG_WARN_ENUM_CONVERSION = YES;
				CLANG_WARN_INFINITE_RECURSION = YES;
				CLANG_WARN_INT_CONVERSION = YES;
				CLANG_WARN_NON_LITERAL_NULL_CONVERSION = YES;
				CLANG_WARN_OBJC_IMPLICIT_RETAIN_SELF = YES;
				CLANG_WARN_OBJC_LITERAL_CONVERSION = YES;
				CLANG_WARN_OBJC_ROOT_CLASS = YES_ERROR;
				CLANG_WARN_RANGE_LOOP_ANALYSIS = YES;
				CLANG_WARN_STRICT_PROTOTYPES = YES;
				CLANG_WARN_SUSPICIOUS_MOVE = YES;
				CLANG_WARN_UNGUARDED_AVAILABILITY = YES_AGGRESSIVE;
				CLANG_WARN_UNREACHABLE_CODE = YES;
				CLANG_WARN__DUPLICATE_METHOD_MATCH = YES;
				COPY_PHASE_STRIP = NO;
				DEBUG_INFORMATION_FORMAT = "dwarf-with-dsym";
				ENABLE_NS_ASSERTIONS = NO;
				ENABLE_STRICT_OBJC_MSGSEND = YES;
				GCC_C_LANGUAGE_STANDARD = gnu11;
				GCC_NO_COMMON_BLOCKS = YES;
				GCC_WARN_64_TO_32_BIT_CONVERSION = YES;
				GCC_WARN_ABOUT_RETURN_TYPE = YES_ERROR;
				GCC_WARN_UNDECLARED_SELECTOR = YES;
				GCC_WARN_UNINITIALIZED_AUTOS = YES_AGGRESSIVE;
				GCC_WARN_UNUSED_FUNCTION = YES;
				GCC_WARN_UNUSED_VARIABLE = YES;
				IPHONEOS_DEPLOYMENT_TARGET = 13.2;
				MTL_ENABLE_DEBUG_INFO = NO;
				MTL_FAST_MATH = YES;
				SDKROOT = iphoneos;
				SWIFT_COMPILATION_MODE = wholemodule;
				SWIFT_OPTIMIZATION_LEVEL = "-O";
				VALIDATE_PRODUCT = YES;
			};
			name = Release;
		};
		CEFDFE9E23AE0E3B006FDC35 /* Debug */ = {
			isa = XCBuildConfiguration;
			buildSettings = {
				ASSETCATALOG_COMPILER_APPICON_NAME = AppIcon;
				CODE_SIGN_STYLE = Automatic;
				DEVELOPMENT_TEAM = AX5Q84ZQGM;
				INFOPLIST_FILE = HatApp/Info.plist;
				IPHONEOS_DEPLOYMENT_TARGET = 13.0;
				LD_RUNPATH_SEARCH_PATHS = (
					"$(inherited)",
					"@executable_path/Frameworks",
				);
				PRODUCT_BUNDLE_IDENTIFIER = Denis.HatApp;
				PRODUCT_NAME = "$(TARGET_NAME)";
				SWIFT_VERSION = 5.0;
				TARGETED_DEVICE_FAMILY = 1;
			};
			name = Debug;
		};
		CEFDFE9F23AE0E3B006FDC35 /* Release */ = {
			isa = XCBuildConfiguration;
			buildSettings = {
				ASSETCATALOG_COMPILER_APPICON_NAME = AppIcon;
				CODE_SIGN_STYLE = Automatic;
				DEVELOPMENT_TEAM = AX5Q84ZQGM;
				INFOPLIST_FILE = HatApp/Info.plist;
				IPHONEOS_DEPLOYMENT_TARGET = 13.0;
				LD_RUNPATH_SEARCH_PATHS = (
					"$(inherited)",
					"@executable_path/Frameworks",
				);
				PRODUCT_BUNDLE_IDENTIFIER = Denis.HatApp;
				PRODUCT_NAME = "$(TARGET_NAME)";
				SWIFT_VERSION = 5.0;
				TARGETED_DEVICE_FAMILY = 1;
			};
			name = Release;
		};
/* End XCBuildConfiguration section */

/* Begin XCConfigurationList section */
		CEFDFE8423AE0E36006FDC35 /* Build configuration list for PBXProject "HatApp" */ = {
			isa = XCConfigurationList;
			buildConfigurations = (
				CEFDFE9B23AE0E3B006FDC35 /* Debug */,
				CEFDFE9C23AE0E3B006FDC35 /* Release */,
			);
			defaultConfigurationIsVisible = 0;
			defaultConfigurationName = Release;
		};
		CEFDFE9D23AE0E3B006FDC35 /* Build configuration list for PBXNativeTarget "HatApp" */ = {
			isa = XCConfigurationList;
			buildConfigurations = (
				CEFDFE9E23AE0E3B006FDC35 /* Debug */,
				CEFDFE9F23AE0E3B006FDC35 /* Release */,
			);
			defaultConfigurationIsVisible = 0;
			defaultConfigurationName = Release;
		};
/* End XCConfigurationList section */
	};
	rootObject = CEFDFE8123AE0E36006FDC35 /* Project object */;
}
